// !$*UTF8*$!
{
	archiveVersion = 1;
	classes = {
	};
	objectVersion = 46;
	objects = {

/* Begin PBXBuildFile section */
		04CF5E7D374D4DC3875E8289 /* libPods-CrateTests.a in Frameworks */ = {isa = PBXBuildFile; fileRef = EC4315FDC724489B901F0A1A /* libPods-CrateTests.a */; };
		18F498A2C09D4B7299B44E90 /* libPods.a in Frameworks */ = {isa = PBXBuildFile; fileRef = 2C3FE7438260420F80A7885E /* libPods.a */; };
		FA2F8189191E65AD00C308F2 /* ColouredView.m in Sources */ = {isa = PBXBuildFile; fileRef = FA2F8188191E65AD00C308F2 /* ColouredView.m */; };
		FA2F818C191E6D5800C308F2 /* Favourite.m in Sources */ = {isa = PBXBuildFile; fileRef = FA2F818B191E6D5800C308F2 /* Favourite.m */; };
		FA2F8191191E80C800C308F2 /* ConnectionViewController.m in Sources */ = {isa = PBXBuildFile; fileRef = FA2F818F191E80C800C308F2 /* ConnectionViewController.m */; };
		FA4DB863192BA65000F76981 /* PostgreSQLAdapterTests.mm in Sources */ = {isa = PBXBuildFile; fileRef = FA4DB862192BA65000F76981 /* PostgreSQLAdapterTests.mm */; };
		FA75524E193688790068C776 /* ResultTableViewController.m in Sources */ = {isa = PBXBuildFile; fileRef = FA75524C193688790068C776 /* ResultTableViewController.m */; };
		FA75525C193691700068C776 /* SchemaViewController.m in Sources */ = {isa = PBXBuildFile; fileRef = FA75525A193691700068C776 /* SchemaViewController.m */; };
		FA755261193697BD0068C776 /* BasicDataViewController.m in Sources */ = {isa = PBXBuildFile; fileRef = FA75525F193697BD0068C776 /* BasicDataViewController.m */; };
		FA755267193699AD0068C776 /* QueryViewController.m in Sources */ = {isa = PBXBuildFile; fileRef = FA755265193699AD0068C776 /* QueryViewController.m */; };
		FA755270193699F40068C776 /* BasicDataViewController.xib in Resources */ = {isa = PBXBuildFile; fileRef = FA755269193699F40068C776 /* BasicDataViewController.xib */; };
		FA755271193699F40068C776 /* ConnectionViewController.xib in Resources */ = {isa = PBXBuildFile; fileRef = FA75526A193699F40068C776 /* ConnectionViewController.xib */; };
		FA755272193699F40068C776 /* ConnectViewController.xib in Resources */ = {isa = PBXBuildFile; fileRef = FA75526B193699F40068C776 /* ConnectViewController.xib */; };
		FA755273193699F40068C776 /* CrateWindowController.xib in Resources */ = {isa = PBXBuildFile; fileRef = FA75526C193699F40068C776 /* CrateWindowController.xib */; };
		FA755274193699F40068C776 /* QueryViewController.xib in Resources */ = {isa = PBXBuildFile; fileRef = FA75526D193699F40068C776 /* QueryViewController.xib */; };
		FA755275193699F40068C776 /* ResultTableViewController.xib in Resources */ = {isa = PBXBuildFile; fileRef = FA75526E193699F40068C776 /* ResultTableViewController.xib */; };
		FA755276193699F40068C776 /* SchemaViewController.xib in Resources */ = {isa = PBXBuildFile; fileRef = FA75526F193699F40068C776 /* SchemaViewController.xib */; };
		FAA3C42C191FC26C00B31C34 /* PostgreSQLAdapter.m in Sources */ = {isa = PBXBuildFile; fileRef = FAA3C42B191FC26C00B31C34 /* PostgreSQLAdapter.m */; };
		FAA3C42E191FD19200B31C34 /* libpq.5.6.dylib in Frameworks */ = {isa = PBXBuildFile; fileRef = FAA3C42D191FD19200B31C34 /* libpq.5.6.dylib */; };
		FAA3C43B192022E800B31C34 /* NSManagedObject+Dictionary.m in Sources */ = {isa = PBXBuildFile; fileRef = FAA3C43A192022E800B31C34 /* NSManagedObject+Dictionary.m */; };
		FAAA5D35192CBE1400A50E42 /* iso-3166.sql in Resources */ = {isa = PBXBuildFile; fileRef = FAAA5D34192CBE1400A50E42 /* iso-3166.sql */; };
		FAC2F76C19197F8500E3AB81 /* Cocoa.framework in Frameworks */ = {isa = PBXBuildFile; fileRef = FAC2F76B19197F8500E3AB81 /* Cocoa.framework */; };
		FAC2F77619197F8500E3AB81 /* InfoPlist.strings in Resources */ = {isa = PBXBuildFile; fileRef = FAC2F77419197F8500E3AB81 /* InfoPlist.strings */; };
		FAC2F77819197F8500E3AB81 /* main.m in Sources */ = {isa = PBXBuildFile; fileRef = FAC2F77719197F8500E3AB81 /* main.m */; };
		FAC2F77C19197F8500E3AB81 /* Credits.rtf in Resources */ = {isa = PBXBuildFile; fileRef = FAC2F77A19197F8500E3AB81 /* Credits.rtf */; };
		FAC2F77F19197F8600E3AB81 /* AppDelegate.m in Sources */ = {isa = PBXBuildFile; fileRef = FAC2F77E19197F8600E3AB81 /* AppDelegate.m */; };
		FAC2F78519197F8600E3AB81 /* Crate.xcdatamodeld in Sources */ = {isa = PBXBuildFile; fileRef = FAC2F78319197F8600E3AB81 /* Crate.xcdatamodeld */; };
		FAC2F78719197F8600E3AB81 /* Images.xcassets in Resources */ = {isa = PBXBuildFile; fileRef = FAC2F78619197F8600E3AB81 /* Images.xcassets */; };
		FAC2F78E19197F8600E3AB81 /* XCTest.framework in Frameworks */ = {isa = PBXBuildFile; fileRef = FAC2F78D19197F8600E3AB81 /* XCTest.framework */; };
		FAC2F78F19197F8600E3AB81 /* Cocoa.framework in Frameworks */ = {isa = PBXBuildFile; fileRef = FAC2F76B19197F8500E3AB81 /* Cocoa.framework */; };
		FAC2F79719197F8600E3AB81 /* InfoPlist.strings in Resources */ = {isa = PBXBuildFile; fileRef = FAC2F79519197F8600E3AB81 /* InfoPlist.strings */; };
		FAC2F79919197F8600E3AB81 /* CrateTests.m in Sources */ = {isa = PBXBuildFile; fileRef = FAC2F79819197F8600E3AB81 /* CrateTests.m */; };
		FAC2F7A9191985A700E3AB81 /* CrateWindowController.m in Sources */ = {isa = PBXBuildFile; fileRef = FAC2F7A7191985A700E3AB81 /* CrateWindowController.m */; };
		FAFEB67E19198D6C00E9FDB3 /* ConnectViewController.m in Sources */ = {isa = PBXBuildFile; fileRef = FAFEB67C19198D6C00E9FDB3 /* ConnectViewController.m */; };
/* End PBXBuildFile section */

/* Begin PBXContainerItemProxy section */
		FAC2F79019197F8600E3AB81 /* PBXContainerItemProxy */ = {
			isa = PBXContainerItemProxy;
			containerPortal = FAC2F76019197F8500E3AB81 /* Project object */;
			proxyType = 1;
			remoteGlobalIDString = FAC2F76719197F8500E3AB81;
			remoteInfo = Crate;
		};
/* End PBXContainerItemProxy section */

/* Begin PBXFileReference section */
		2C3FE7438260420F80A7885E /* libPods.a */ = {isa = PBXFileReference; explicitFileType = archive.ar; includeInIndex = 0; path = libPods.a; sourceTree = BUILT_PRODUCTS_DIR; };
		7A3AE64AFF534BDDBA9D3A3E /* Pods.xcconfig */ = {isa = PBXFileReference; includeInIndex = 1; lastKnownFileType = text.xcconfig; name = Pods.xcconfig; path = Pods/Pods.xcconfig; sourceTree = "<group>"; };
		BE01FFC56FE546CD9CB15241 /* Pods-CrateTests.xcconfig */ = {isa = PBXFileReference; includeInIndex = 1; lastKnownFileType = text.xcconfig; name = "Pods-CrateTests.xcconfig"; path = "Pods/Pods-CrateTests.xcconfig"; sourceTree = "<group>"; };
		EC4315FDC724489B901F0A1A /* libPods-CrateTests.a */ = {isa = PBXFileReference; explicitFileType = archive.ar; includeInIndex = 0; path = "libPods-CrateTests.a"; sourceTree = BUILT_PRODUCTS_DIR; };
		FA2F8187191E65AD00C308F2 /* ColouredView.h */ = {isa = PBXFileReference; fileEncoding = 4; lastKnownFileType = sourcecode.c.h; name = ColouredView.h; path = Classes/ColouredView.h; sourceTree = "<group>"; };
		FA2F8188191E65AD00C308F2 /* ColouredView.m */ = {isa = PBXFileReference; fileEncoding = 4; lastKnownFileType = sourcecode.c.objc; name = ColouredView.m; path = Classes/ColouredView.m; sourceTree = "<group>"; };
		FA2F818A191E6D5800C308F2 /* Favourite.h */ = {isa = PBXFileReference; fileEncoding = 4; lastKnownFileType = sourcecode.c.h; name = Favourite.h; path = Classes/Favourite.h; sourceTree = "<group>"; };
		FA2F818B191E6D5800C308F2 /* Favourite.m */ = {isa = PBXFileReference; fileEncoding = 4; lastKnownFileType = sourcecode.c.objc; name = Favourite.m; path = Classes/Favourite.m; sourceTree = "<group>"; };
		FA2F818E191E80C800C308F2 /* ConnectionViewController.h */ = {isa = PBXFileReference; fileEncoding = 4; lastKnownFileType = sourcecode.c.h; name = ConnectionViewController.h; path = Classes/ConnectionViewController.h; sourceTree = "<group>"; };
		FA2F818F191E80C800C308F2 /* ConnectionViewController.m */ = {isa = PBXFileReference; fileEncoding = 4; lastKnownFileType = sourcecode.c.objc; name = ConnectionViewController.m; path = Classes/ConnectionViewController.m; sourceTree = "<group>"; };
		FA2F8193191E846D00C308F2 /* DBProtocols.h */ = {isa = PBXFileReference; fileEncoding = 4; lastKnownFileType = sourcecode.c.h; name = DBProtocols.h; path = Classes/DBProtocols.h; sourceTree = "<group>"; };
		FA4DB862192BA65000F76981 /* PostgreSQLAdapterTests.mm */ = {isa = PBXFileReference; fileEncoding = 4; lastKnownFileType = sourcecode.cpp.objcpp; path = PostgreSQLAdapterTests.mm; sourceTree = "<group>"; };
		FA75524B193688790068C776 /* ResultTableViewController.h */ = {isa = PBXFileReference; fileEncoding = 4; lastKnownFileType = sourcecode.c.h; name = ResultTableViewController.h; path = Classes/ResultTableViewController.h; sourceTree = "<group>"; };
		FA75524C193688790068C776 /* ResultTableViewController.m */ = {isa = PBXFileReference; fileEncoding = 4; lastKnownFileType = sourcecode.c.objc; name = ResultTableViewController.m; path = Classes/ResultTableViewController.m; sourceTree = "<group>"; };
		FA755259193691700068C776 /* SchemaViewController.h */ = {isa = PBXFileReference; fileEncoding = 4; lastKnownFileType = sourcecode.c.h; name = SchemaViewController.h; path = Classes/SchemaViewController.h; sourceTree = "<group>"; };
		FA75525A193691700068C776 /* SchemaViewController.m */ = {isa = PBXFileReference; fileEncoding = 4; lastKnownFileType = sourcecode.c.objc; name = SchemaViewController.m; path = Classes/SchemaViewController.m; sourceTree = "<group>"; };
		FA75525E193697BD0068C776 /* BasicDataViewController.h */ = {isa = PBXFileReference; fileEncoding = 4; lastKnownFileType = sourcecode.c.h; name = BasicDataViewController.h; path = Classes/BasicDataViewController.h; sourceTree = "<group>"; };
		FA75525F193697BD0068C776 /* BasicDataViewController.m */ = {isa = PBXFileReference; fileEncoding = 4; lastKnownFileType = sourcecode.c.objc; name = BasicDataViewController.m; path = Classes/BasicDataViewController.m; sourceTree = "<group>"; };
		FA755264193699AD0068C776 /* QueryViewController.h */ = {isa = PBXFileReference; fileEncoding = 4; lastKnownFileType = sourcecode.c.h; name = QueryViewController.h; path = Classes/QueryViewController.h; sourceTree = "<group>"; };
		FA755265193699AD0068C776 /* QueryViewController.m */ = {isa = PBXFileReference; fileEncoding = 4; lastKnownFileType = sourcecode.c.objc; name = QueryViewController.m; path = Classes/QueryViewController.m; sourceTree = "<group>"; };
		FA755269193699F40068C776 /* BasicDataViewController.xib */ = {isa = PBXFileReference; fileEncoding = 4; lastKnownFileType = file.xib; name = BasicDataViewController.xib; path = Views/BasicDataViewController.xib; sourceTree = "<group>"; };
		FA75526A193699F40068C776 /* ConnectionViewController.xib */ = {isa = PBXFileReference; fileEncoding = 4; lastKnownFileType = file.xib; name = ConnectionViewController.xib; path = Views/ConnectionViewController.xib; sourceTree = "<group>"; };
		FA75526B193699F40068C776 /* ConnectViewController.xib */ = {isa = PBXFileReference; fileEncoding = 4; lastKnownFileType = file.xib; name = ConnectViewController.xib; path = Views/ConnectViewController.xib; sourceTree = "<group>"; };
		FA75526C193699F40068C776 /* CrateWindowController.xib */ = {isa = PBXFileReference; fileEncoding = 4; lastKnownFileType = file.xib; name = CrateWindowController.xib; path = Views/CrateWindowController.xib; sourceTree = "<group>"; };
		FA75526D193699F40068C776 /* QueryViewController.xib */ = {isa = PBXFileReference; fileEncoding = 4; lastKnownFileType = file.xib; name = QueryViewController.xib; path = Views/QueryViewController.xib; sourceTree = "<group>"; };
		FA75526E193699F40068C776 /* ResultTableViewController.xib */ = {isa = PBXFileReference; fileEncoding = 4; lastKnownFileType = file.xib; name = ResultTableViewController.xib; path = Views/ResultTableViewController.xib; sourceTree = "<group>"; };
		FA75526F193699F40068C776 /* SchemaViewController.xib */ = {isa = PBXFileReference; fileEncoding = 4; lastKnownFileType = file.xib; name = SchemaViewController.xib; path = Views/SchemaViewController.xib; sourceTree = "<group>"; };
		FAA3C42A191FC26C00B31C34 /* PostgreSQLAdapter.h */ = {isa = PBXFileReference; fileEncoding = 4; lastKnownFileType = sourcecode.c.h; name = PostgreSQLAdapter.h; path = Classes/PostgreSQLAdapter.h; sourceTree = "<group>"; };
		FAA3C42B191FC26C00B31C34 /* PostgreSQLAdapter.m */ = {isa = PBXFileReference; fileEncoding = 4; lastKnownFileType = sourcecode.c.objc; name = PostgreSQLAdapter.m; path = Classes/PostgreSQLAdapter.m; sourceTree = "<group>"; };
		FAA3C42D191FD19200B31C34 /* libpq.5.6.dylib */ = {isa = PBXFileReference; lastKnownFileType = "compiled.mach-o.dylib"; name = libpq.5.6.dylib; path = ../../../../usr/local/Cellar/postgresql/9.3.2/lib/libpq.5.6.dylib; sourceTree = "<group>"; };
		FAA3C439192022E800B31C34 /* NSManagedObject+Dictionary.h */ = {isa = PBXFileReference; fileEncoding = 4; lastKnownFileType = sourcecode.c.h; name = "NSManagedObject+Dictionary.h"; path = "Classes/NSManagedObject+Dictionary.h"; sourceTree = "<group>"; };
		FAA3C43A192022E800B31C34 /* NSManagedObject+Dictionary.m */ = {isa = PBXFileReference; fileEncoding = 4; lastKnownFileType = sourcecode.c.objc; name = "NSManagedObject+Dictionary.m"; path = "Classes/NSManagedObject+Dictionary.m"; sourceTree = "<group>"; };
		FAAA5D34192CBE1400A50E42 /* iso-3166.sql */ = {isa = PBXFileReference; fileEncoding = 4; lastKnownFileType = text; path = "iso-3166.sql"; sourceTree = "<group>"; };
		FAC2F76819197F8500E3AB81 /* Crate.app */ = {isa = PBXFileReference; explicitFileType = wrapper.application; includeInIndex = 0; path = Crate.app; sourceTree = BUILT_PRODUCTS_DIR; };
		FAC2F76B19197F8500E3AB81 /* Cocoa.framework */ = {isa = PBXFileReference; lastKnownFileType = wrapper.framework; name = Cocoa.framework; path = System/Library/Frameworks/Cocoa.framework; sourceTree = SDKROOT; };
		FAC2F76E19197F8500E3AB81 /* AppKit.framework */ = {isa = PBXFileReference; lastKnownFileType = wrapper.framework; name = AppKit.framework; path = System/Library/Frameworks/AppKit.framework; sourceTree = SDKROOT; };
		FAC2F76F19197F8500E3AB81 /* CoreData.framework */ = {isa = PBXFileReference; lastKnownFileType = wrapper.framework; name = CoreData.framework; path = System/Library/Frameworks/CoreData.framework; sourceTree = SDKROOT; };
		FAC2F77019197F8500E3AB81 /* Foundation.framework */ = {isa = PBXFileReference; lastKnownFileType = wrapper.framework; name = Foundation.framework; path = System/Library/Frameworks/Foundation.framework; sourceTree = SDKROOT; };
		FAC2F77319197F8500E3AB81 /* Crate-Info.plist */ = {isa = PBXFileReference; lastKnownFileType = text.plist.xml; path = "Crate-Info.plist"; sourceTree = "<group>"; };
		FAC2F77519197F8500E3AB81 /* en */ = {isa = PBXFileReference; lastKnownFileType = text.plist.strings; name = en; path = en.lproj/InfoPlist.strings; sourceTree = "<group>"; };
		FAC2F77719197F8500E3AB81 /* main.m */ = {isa = PBXFileReference; lastKnownFileType = sourcecode.c.objc; path = main.m; sourceTree = "<group>"; };
		FAC2F77919197F8500E3AB81 /* Crate-Prefix.pch */ = {isa = PBXFileReference; lastKnownFileType = sourcecode.c.h; path = "Crate-Prefix.pch"; sourceTree = "<group>"; };
		FAC2F77B19197F8500E3AB81 /* en */ = {isa = PBXFileReference; lastKnownFileType = text.rtf; name = en; path = en.lproj/Credits.rtf; sourceTree = "<group>"; };
		FAC2F77D19197F8600E3AB81 /* AppDelegate.h */ = {isa = PBXFileReference; lastKnownFileType = sourcecode.c.h; path = AppDelegate.h; sourceTree = "<group>"; };
		FAC2F77E19197F8600E3AB81 /* AppDelegate.m */ = {isa = PBXFileReference; lastKnownFileType = sourcecode.c.objc; path = AppDelegate.m; sourceTree = "<group>"; };
		FAC2F78119197F8600E3AB81 /* Base */ = {isa = PBXFileReference; lastKnownFileType = file.xib; name = Base; path = Base.lproj/MainMenu.xib; sourceTree = "<group>"; };
		FAC2F78419197F8600E3AB81 /* Crate.xcdatamodel */ = {isa = PBXFileReference; lastKnownFileType = wrapper.xcdatamodel; path = Crate.xcdatamodel; sourceTree = "<group>"; };
		FAC2F78619197F8600E3AB81 /* Images.xcassets */ = {isa = PBXFileReference; lastKnownFileType = folder.assetcatalog; path = Images.xcassets; sourceTree = "<group>"; };
		FAC2F78C19197F8600E3AB81 /* CrateTests.xctest */ = {isa = PBXFileReference; explicitFileType = wrapper.cfbundle; includeInIndex = 0; path = CrateTests.xctest; sourceTree = BUILT_PRODUCTS_DIR; };
		FAC2F78D19197F8600E3AB81 /* XCTest.framework */ = {isa = PBXFileReference; lastKnownFileType = wrapper.framework; name = XCTest.framework; path = Library/Frameworks/XCTest.framework; sourceTree = DEVELOPER_DIR; };
		FAC2F79419197F8600E3AB81 /* CrateTests-Info.plist */ = {isa = PBXFileReference; lastKnownFileType = text.plist.xml; path = "CrateTests-Info.plist"; sourceTree = "<group>"; };
		FAC2F79619197F8600E3AB81 /* en */ = {isa = PBXFileReference; lastKnownFileType = text.plist.strings; name = en; path = en.lproj/InfoPlist.strings; sourceTree = "<group>"; };
		FAC2F79819197F8600E3AB81 /* CrateTests.m */ = {isa = PBXFileReference; lastKnownFileType = sourcecode.c.objc; path = CrateTests.m; sourceTree = "<group>"; };
		FAC2F7A6191985A700E3AB81 /* CrateWindowController.h */ = {isa = PBXFileReference; fileEncoding = 4; lastKnownFileType = sourcecode.c.h; name = CrateWindowController.h; path = Classes/CrateWindowController.h; sourceTree = "<group>"; };
		FAC2F7A7191985A700E3AB81 /* CrateWindowController.m */ = {isa = PBXFileReference; fileEncoding = 4; lastKnownFileType = sourcecode.c.objc; name = CrateWindowController.m; path = Classes/CrateWindowController.m; sourceTree = "<group>"; };
		FAFEB67B19198D6C00E9FDB3 /* ConnectViewController.h */ = {isa = PBXFileReference; fileEncoding = 4; lastKnownFileType = sourcecode.c.h; name = ConnectViewController.h; path = Classes/ConnectViewController.h; sourceTree = "<group>"; };
		FAFEB67C19198D6C00E9FDB3 /* ConnectViewController.m */ = {isa = PBXFileReference; fileEncoding = 4; lastKnownFileType = sourcecode.c.objc; name = ConnectViewController.m; path = Classes/ConnectViewController.m; sourceTree = "<group>"; };
/* End PBXFileReference section */

/* Begin PBXFrameworksBuildPhase section */
		FAC2F76519197F8500E3AB81 /* Frameworks */ = {
			isa = PBXFrameworksBuildPhase;
			buildActionMask = 2147483647;
			files = (
				FAA3C42E191FD19200B31C34 /* libpq.5.6.dylib in Frameworks */,
				FAC2F76C19197F8500E3AB81 /* Cocoa.framework in Frameworks */,
				18F498A2C09D4B7299B44E90 /* libPods.a in Frameworks */,
			);
			runOnlyForDeploymentPostprocessing = 0;
		};
		FAC2F78919197F8600E3AB81 /* Frameworks */ = {
			isa = PBXFrameworksBuildPhase;
			buildActionMask = 2147483647;
			files = (
				FAC2F78F19197F8600E3AB81 /* Cocoa.framework in Frameworks */,
				FAC2F78E19197F8600E3AB81 /* XCTest.framework in Frameworks */,
				04CF5E7D374D4DC3875E8289 /* libPods-CrateTests.a in Frameworks */,
			);
			runOnlyForDeploymentPostprocessing = 0;
		};
/* End PBXFrameworksBuildPhase section */

/* Begin PBXGroup section */
		FA2F818D191E6D6200C308F2 /* Models */ = {
			isa = PBXGroup;
			children = (
				FA2F818A191E6D5800C308F2 /* Favourite.h */,
				FA2F818B191E6D5800C308F2 /* Favourite.m */,
				FAA3C439192022E800B31C34 /* NSManagedObject+Dictionary.h */,
				FAA3C43A192022E800B31C34 /* NSManagedObject+Dictionary.m */,
			);
			name = Models;
			sourceTree = "<group>";
		};
		FA2F8196191E847700C308F2 /* Protocols */ = {
			isa = PBXGroup;
			children = (
				FA2F8193191E846D00C308F2 /* DBProtocols.h */,
			);
			name = Protocols;
			sourceTree = "<group>";
		};
		FA337EAD1927BF22000E442A /* Helpers */ = {
			isa = PBXGroup;
			children = (
				FA2F8187191E65AD00C308F2 /* ColouredView.h */,
				FA2F8188191E65AD00C308F2 /* ColouredView.m */,
			);
			name = Helpers;
			sourceTree = "<group>";
		};
		FA755250193689990068C776 /* DatabaseViews */ = {
			isa = PBXGroup;
			children = (
				FA755259193691700068C776 /* SchemaViewController.h */,
				FA75525A193691700068C776 /* SchemaViewController.m */,
				FA75525E193697BD0068C776 /* BasicDataViewController.h */,
				FA75525F193697BD0068C776 /* BasicDataViewController.m */,
				FA75524B193688790068C776 /* ResultTableViewController.h */,
				FA75524C193688790068C776 /* ResultTableViewController.m */,
				FA755264193699AD0068C776 /* QueryViewController.h */,
				FA755265193699AD0068C776 /* QueryViewController.m */,
			);
			name = DatabaseViews;
			sourceTree = "<group>";
		};
		FAA3C429191FBF3600B31C34 /* Adapters */ = {
			isa = PBXGroup;
			children = (
				FAA3C42A191FC26C00B31C34 /* PostgreSQLAdapter.h */,
				FAA3C42B191FC26C00B31C34 /* PostgreSQLAdapter.m */,
			);
			name = Adapters;
			sourceTree = "<group>";
		};
		FAC2F75F19197F8500E3AB81 = {
			isa = PBXGroup;
			children = (
				FAC2F77119197F8500E3AB81 /* Crate */,
				FAC2F79219197F8600E3AB81 /* CrateTests */,
				FAC2F76A19197F8500E3AB81 /* Frameworks */,
				FAC2F76919197F8500E3AB81 /* Products */,
				7A3AE64AFF534BDDBA9D3A3E /* Pods.xcconfig */,
				BE01FFC56FE546CD9CB15241 /* Pods-CrateTests.xcconfig */,
			);
			sourceTree = "<group>";
		};
		FAC2F76919197F8500E3AB81 /* Products */ = {
			isa = PBXGroup;
			children = (
				FAC2F76819197F8500E3AB81 /* Crate.app */,
				FAC2F78C19197F8600E3AB81 /* CrateTests.xctest */,
			);
			name = Products;
			sourceTree = "<group>";
		};
		FAC2F76A19197F8500E3AB81 /* Frameworks */ = {
			isa = PBXGroup;
			children = (
				FAA3C42D191FD19200B31C34 /* libpq.5.6.dylib */,
				FAC2F76B19197F8500E3AB81 /* Cocoa.framework */,
				FAC2F78D19197F8600E3AB81 /* XCTest.framework */,
				FAC2F76D19197F8500E3AB81 /* Other Frameworks */,
				2C3FE7438260420F80A7885E /* libPods.a */,
				EC4315FDC724489B901F0A1A /* libPods-CrateTests.a */,
			);
			name = Frameworks;
			sourceTree = "<group>";
		};
		FAC2F76D19197F8500E3AB81 /* Other Frameworks */ = {
			isa = PBXGroup;
			children = (
				FAC2F76E19197F8500E3AB81 /* AppKit.framework */,
				FAC2F76F19197F8500E3AB81 /* CoreData.framework */,
				FAC2F77019197F8500E3AB81 /* Foundation.framework */,
			);
			name = "Other Frameworks";
			sourceTree = "<group>";
		};
		FAC2F77119197F8500E3AB81 /* Crate */ = {
			isa = PBXGroup;
			children = (
				FAC2F77D19197F8600E3AB81 /* AppDelegate.h */,
				FAC2F77E19197F8600E3AB81 /* AppDelegate.m */,
				FAC2F7A6191985A700E3AB81 /* CrateWindowController.h */,
				FAC2F7A7191985A700E3AB81 /* CrateWindowController.m */,
				FAFEB67B19198D6C00E9FDB3 /* ConnectViewController.h */,
				FAFEB67C19198D6C00E9FDB3 /* ConnectViewController.m */,
				FA2F818E191E80C800C308F2 /* ConnectionViewController.h */,
				FA2F818F191E80C800C308F2 /* ConnectionViewController.m */,
				FA755250193689990068C776 /* DatabaseViews */,
				FA337EAD1927BF22000E442A /* Helpers */,
				FA2F8196191E847700C308F2 /* Protocols */,
				FAA3C429191FBF3600B31C34 /* Adapters */,
				FA2F818D191E6D6200C308F2 /* Models */,
				FAC2F7AB191985B500E3AB81 /* Nibs */,
				FAC2F77219197F8500E3AB81 /* Supporting Files */,
				FAC2F78619197F8600E3AB81 /* Images.xcassets */,
				FAC2F78319197F8600E3AB81 /* Crate.xcdatamodeld */,
			);
			path = Crate;
			sourceTree = "<group>";
		};
		FAC2F77219197F8500E3AB81 /* Supporting Files */ = {
			isa = PBXGroup;
			children = (
				FAC2F77319197F8500E3AB81 /* Crate-Info.plist */,
				FAC2F77419197F8500E3AB81 /* InfoPlist.strings */,
				FAC2F77719197F8500E3AB81 /* main.m */,
				FAC2F77919197F8500E3AB81 /* Crate-Prefix.pch */,
				FAC2F77A19197F8500E3AB81 /* Credits.rtf */,
			);
			name = "Supporting Files";
			sourceTree = "<group>";
		};
		FAC2F79219197F8600E3AB81 /* CrateTests */ = {
			isa = PBXGroup;
			children = (
				FAC2F79819197F8600E3AB81 /* CrateTests.m */,
				FA4DB862192BA65000F76981 /* PostgreSQLAdapterTests.mm */,
				FAC2F79319197F8600E3AB81 /* Supporting Files */,
			);
			path = CrateTests;
			sourceTree = "<group>";
		};
		FAC2F79319197F8600E3AB81 /* Supporting Files */ = {
			isa = PBXGroup;
			children = (
				FAAA5D34192CBE1400A50E42 /* iso-3166.sql */,
				FAC2F79419197F8600E3AB81 /* CrateTests-Info.plist */,
				FAC2F79519197F8600E3AB81 /* InfoPlist.strings */,
			);
			name = "Supporting Files";
			sourceTree = "<group>";
		};
		FAC2F7AB191985B500E3AB81 /* Nibs */ = {
			isa = PBXGroup;
			children = (
				FAC2F78019197F8600E3AB81 /* MainMenu.xib */,
				FA75526C193699F40068C776 /* CrateWindowController.xib */,
				FA75526B193699F40068C776 /* ConnectViewController.xib */,
				FA75526A193699F40068C776 /* ConnectionViewController.xib */,
				FA75526F193699F40068C776 /* SchemaViewController.xib */,
				FA755269193699F40068C776 /* BasicDataViewController.xib */,
				FA75526D193699F40068C776 /* QueryViewController.xib */,
				FA75526E193699F40068C776 /* ResultTableViewController.xib */,
			);
			name = Nibs;
			sourceTree = "<group>";
		};
/* End PBXGroup section */

/* Begin PBXNativeTarget section */
		FAC2F76719197F8500E3AB81 /* Crate */ = {
			isa = PBXNativeTarget;
			buildConfigurationList = FAC2F79C19197F8600E3AB81 /* Build configuration list for PBXNativeTarget "Crate" */;
			buildPhases = (
				23CC9D15AAE64CB29FD59CC0 /* Check Pods Manifest.lock */,
				FAC2F76419197F8500E3AB81 /* Sources */,
				FAC2F76519197F8500E3AB81 /* Frameworks */,
				FAC2F76619197F8500E3AB81 /* Resources */,
				04095ADB6EB04C0EA066BBF8 /* Copy Pods Resources */,
			);
			buildRules = (
			);
			dependencies = (
			);
			name = Crate;
			productName = Crate;
			productReference = FAC2F76819197F8500E3AB81 /* Crate.app */;
			productType = "com.apple.product-type.application";
		};
		FAC2F78B19197F8600E3AB81 /* CrateTests */ = {
			isa = PBXNativeTarget;
			buildConfigurationList = FAC2F79F19197F8600E3AB81 /* Build configuration list for PBXNativeTarget "CrateTests" */;
			buildPhases = (
				FA00E35A192BB49400036B4F /* ShellScript */,
				3864D3B4AAFD476F86F2A0CC /* Check Pods Manifest.lock */,
				FAC2F78819197F8600E3AB81 /* Sources */,
				FAC2F78919197F8600E3AB81 /* Frameworks */,
				FAC2F78A19197F8600E3AB81 /* Resources */,
				12466C68E51F4F94BD8500AC /* Copy Pods Resources */,
			);
			buildRules = (
			);
			dependencies = (
				FAC2F79119197F8600E3AB81 /* PBXTargetDependency */,
			);
			name = CrateTests;
			productName = CrateTests;
			productReference = FAC2F78C19197F8600E3AB81 /* CrateTests.xctest */;
			productType = "com.apple.product-type.bundle.unit-test";
		};
/* End PBXNativeTarget section */

/* Begin PBXProject section */
		FAC2F76019197F8500E3AB81 /* Project object */ = {
			isa = PBXProject;
			attributes = {
				LastUpgradeCheck = 0510;
				ORGANIZATIONNAME = "Alex Barlow";
				TargetAttributes = {
					FAC2F78B19197F8600E3AB81 = {
						TestTargetID = FAC2F76719197F8500E3AB81;
					};
				};
			};
			buildConfigurationList = FAC2F76319197F8500E3AB81 /* Build configuration list for PBXProject "Crate" */;
			compatibilityVersion = "Xcode 3.2";
			developmentRegion = English;
			hasScannedForEncodings = 0;
			knownRegions = (
				en,
				Base,
			);
			mainGroup = FAC2F75F19197F8500E3AB81;
			productRefGroup = FAC2F76919197F8500E3AB81 /* Products */;
			projectDirPath = "";
			projectRoot = "";
			targets = (
				FAC2F76719197F8500E3AB81 /* Crate */,
				FAC2F78B19197F8600E3AB81 /* CrateTests */,
			);
		};
/* End PBXProject section */

/* Begin PBXResourcesBuildPhase section */
		FAC2F76619197F8500E3AB81 /* Resources */ = {
			isa = PBXResourcesBuildPhase;
			buildActionMask = 2147483647;
			files = (
				FA755275193699F40068C776 /* ResultTableViewController.xib in Resources */,
				FA755276193699F40068C776 /* SchemaViewController.xib in Resources */,
				FAC2F77619197F8500E3AB81 /* InfoPlist.strings in Resources */,
				FA755273193699F40068C776 /* CrateWindowController.xib in Resources */,
				FAC2F78719197F8600E3AB81 /* Images.xcassets in Resources */,
				FAC2F77C19197F8500E3AB81 /* Credits.rtf in Resources */,
				FA755272193699F40068C776 /* ConnectViewController.xib in Resources */,
				FA755274193699F40068C776 /* QueryViewController.xib in Resources */,
				FA755270193699F40068C776 /* BasicDataViewController.xib in Resources */,
				FA755271193699F40068C776 /* ConnectionViewController.xib in Resources */,
			);
			runOnlyForDeploymentPostprocessing = 0;
		};
		FAC2F78A19197F8600E3AB81 /* Resources */ = {
			isa = PBXResourcesBuildPhase;
			buildActionMask = 2147483647;
			files = (
				FAAA5D35192CBE1400A50E42 /* iso-3166.sql in Resources */,
				FAC2F79719197F8600E3AB81 /* InfoPlist.strings in Resources */,
			);
			runOnlyForDeploymentPostprocessing = 0;
		};
/* End PBXResourcesBuildPhase section */

/* Begin PBXShellScriptBuildPhase section */
		04095ADB6EB04C0EA066BBF8 /* Copy Pods Resources */ = {
			isa = PBXShellScriptBuildPhase;
			buildActionMask = 2147483647;
			files = (
			);
			inputPaths = (
			);
			name = "Copy Pods Resources";
			outputPaths = (
			);
			runOnlyForDeploymentPostprocessing = 0;
			shellPath = /bin/sh;
			shellScript = "\"${SRCROOT}/Pods/Pods-resources.sh\"\n";
			showEnvVarsInLog = 0;
		};
		12466C68E51F4F94BD8500AC /* Copy Pods Resources */ = {
			isa = PBXShellScriptBuildPhase;
			buildActionMask = 2147483647;
			files = (
			);
			inputPaths = (
			);
			name = "Copy Pods Resources";
			outputPaths = (
			);
			runOnlyForDeploymentPostprocessing = 0;
			shellPath = /bin/sh;
			shellScript = "\"${SRCROOT}/Pods/Pods-CrateTests-resources.sh\"\n";
			showEnvVarsInLog = 0;
		};
		23CC9D15AAE64CB29FD59CC0 /* Check Pods Manifest.lock */ = {
			isa = PBXShellScriptBuildPhase;
			buildActionMask = 2147483647;
			files = (
			);
			inputPaths = (
			);
			name = "Check Pods Manifest.lock";
			outputPaths = (
			);
			runOnlyForDeploymentPostprocessing = 0;
			shellPath = /bin/sh;
			shellScript = "diff \"${PODS_ROOT}/../Podfile.lock\" \"${PODS_ROOT}/Manifest.lock\" > /dev/null\nif [[ $? != 0 ]] ; then\n    cat << EOM\nerror: The sandbox is not in sync with the Podfile.lock. Run 'pod install' or update your CocoaPods installation.\nEOM\n    exit 1\nfi\n";
			showEnvVarsInLog = 0;
		};
		3864D3B4AAFD476F86F2A0CC /* Check Pods Manifest.lock */ = {
			isa = PBXShellScriptBuildPhase;
			buildActionMask = 2147483647;
			files = (
			);
			inputPaths = (
			);
			name = "Check Pods Manifest.lock";
			outputPaths = (
			);
			runOnlyForDeploymentPostprocessing = 0;
			shellPath = /bin/sh;
			shellScript = "diff \"${PODS_ROOT}/../Podfile.lock\" \"${PODS_ROOT}/Manifest.lock\" > /dev/null\nif [[ $? != 0 ]] ; then\n    cat << EOM\nerror: The sandbox is not in sync with the Podfile.lock. Run 'pod install' or update your CocoaPods installation.\nEOM\n    exit 1\nfi\n";
			showEnvVarsInLog = 0;
		};
		FA00E35A192BB49400036B4F /* ShellScript */ = {
			isa = PBXShellScriptBuildPhase;
			buildActionMask = 2147483647;
			files = (
			);
			inputPaths = (
			);
			outputPaths = (
			);
			runOnlyForDeploymentPostprocessing = 0;
			shellPath = /bin/bash;
			shellScript = "/usr/local/bin/psql postgres -c 'DROP DATABASE IF EXISTS crate_test;' -At\n/usr/local/bin/psql postgres -c 'DROP DATABASE IF EXISTS crate_test_second_db;' -At\n/usr/local/bin/psql postgres -c 'CREATE DATABASE crate_test;' -At\n/usr/local/bin/psql postgres -c 'CREATE DATABASE crate_test_second_db;' -At\n\n/usr/local/bin/psql crate_test -c \"\nCREATE TABLE users (\nid bigserial primary key,\nname varchar(20) NOT NULL,\ncreated_at timestamp default NULL\n);\" -At\n\n/usr/local/bin/psql crate_test -f \"$SRCROOT/CrateTests/iso-3166.sql\"\n\n";
		};
/* End PBXShellScriptBuildPhase section */

/* Begin PBXSourcesBuildPhase section */
		FAC2F76419197F8500E3AB81 /* Sources */ = {
			isa = PBXSourcesBuildPhase;
			buildActionMask = 2147483647;
			files = (
				FAC2F77F19197F8600E3AB81 /* AppDelegate.m in Sources */,
				FA2F8189191E65AD00C308F2 /* ColouredView.m in Sources */,
				FA75524E193688790068C776 /* ResultTableViewController.m in Sources */,
				FAFEB67E19198D6C00E9FDB3 /* ConnectViewController.m in Sources */,
				FA755261193697BD0068C776 /* BasicDataViewController.m in Sources */,
				FAA3C43B192022E800B31C34 /* NSManagedObject+Dictionary.m in Sources */,
				FA75525C193691700068C776 /* SchemaViewController.m in Sources */,
				FAC2F7A9191985A700E3AB81 /* CrateWindowController.m in Sources */,
				FA2F8191191E80C800C308F2 /* ConnectionViewController.m in Sources */,
				FA755267193699AD0068C776 /* QueryViewController.m in Sources */,
				FAC2F77819197F8500E3AB81 /* main.m in Sources */,
				FAA3C42C191FC26C00B31C34 /* PostgreSQLAdapter.m in Sources */,
				FA2F818C191E6D5800C308F2 /* Favourite.m in Sources */,
				FAC2F78519197F8600E3AB81 /* Crate.xcdatamodeld in Sources */,
			);
			runOnlyForDeploymentPostprocessing = 0;
		};
		FAC2F78819197F8600E3AB81 /* Sources */ = {
			isa = PBXSourcesBuildPhase;
			buildActionMask = 2147483647;
			files = (
				FAC2F79919197F8600E3AB81 /* CrateTests.m in Sources */,
				FA4DB863192BA65000F76981 /* PostgreSQLAdapterTests.mm in Sources */,
			);
			runOnlyForDeploymentPostprocessing = 0;
		};
/* End PBXSourcesBuildPhase section */

/* Begin PBXTargetDependency section */
		FAC2F79119197F8600E3AB81 /* PBXTargetDependency */ = {
			isa = PBXTargetDependency;
			target = FAC2F76719197F8500E3AB81 /* Crate */;
			targetProxy = FAC2F79019197F8600E3AB81 /* PBXContainerItemProxy */;
		};
/* End PBXTargetDependency section */

/* Begin PBXVariantGroup section */
		FAC2F77419197F8500E3AB81 /* InfoPlist.strings */ = {
			isa = PBXVariantGroup;
			children = (
				FAC2F77519197F8500E3AB81 /* en */,
			);
			name = InfoPlist.strings;
			sourceTree = "<group>";
		};
		FAC2F77A19197F8500E3AB81 /* Credits.rtf */ = {
			isa = PBXVariantGroup;
			children = (
				FAC2F77B19197F8500E3AB81 /* en */,
			);
			name = Credits.rtf;
			sourceTree = "<group>";
		};
		FAC2F78019197F8600E3AB81 /* MainMenu.xib */ = {
			isa = PBXVariantGroup;
			children = (
				FAC2F78119197F8600E3AB81 /* Base */,
			);
			name = MainMenu.xib;
			sourceTree = "<group>";
		};
		FAC2F79519197F8600E3AB81 /* InfoPlist.strings */ = {
			isa = PBXVariantGroup;
			children = (
				FAC2F79619197F8600E3AB81 /* en */,
			);
			name = InfoPlist.strings;
			sourceTree = "<group>";
		};
/* End PBXVariantGroup section */

/* Begin XCBuildConfiguration section */
		FAC2F79A19197F8600E3AB81 /* Debug */ = {
			isa = XCBuildConfiguration;
			buildSettings = {
				ALWAYS_SEARCH_USER_PATHS = NO;
				CLANG_CXX_LANGUAGE_STANDARD = "gnu++0x";
				CLANG_CXX_LIBRARY = "libc++";
				CLANG_ENABLE_MODULES = YES;
				CLANG_ENABLE_OBJC_ARC = YES;
				CLANG_WARN_BOOL_CONVERSION = YES;
				CLANG_WARN_CONSTANT_CONVERSION = YES;
				CLANG_WARN_DIRECT_OBJC_ISA_USAGE = YES_ERROR;
				CLANG_WARN_EMPTY_BODY = YES;
				CLANG_WARN_ENUM_CONVERSION = YES;
				CLANG_WARN_INT_CONVERSION = YES;
				CLANG_WARN_OBJC_ROOT_CLASS = YES_ERROR;
				CLANG_WARN__DUPLICATE_METHOD_MATCH = YES;
				COPY_PHASE_STRIP = NO;
				GCC_C_LANGUAGE_STANDARD = gnu99;
				GCC_DYNAMIC_NO_PIC = NO;
				GCC_ENABLE_OBJC_EXCEPTIONS = YES;
				GCC_OPTIMIZATION_LEVEL = 0;
				GCC_PREPROCESSOR_DEFINITIONS = (
					"DEBUG=1",
					"$(inherited)",
				);
				GCC_SYMBOLS_PRIVATE_EXTERN = NO;
				GCC_WARN_64_TO_32_BIT_CONVERSION = YES;
				GCC_WARN_ABOUT_RETURN_TYPE = YES_ERROR;
				GCC_WARN_UNDECLARED_SELECTOR = YES;
				GCC_WARN_UNINITIALIZED_AUTOS = YES_AGGRESSIVE;
				GCC_WARN_UNUSED_FUNCTION = YES;
				GCC_WARN_UNUSED_VARIABLE = YES;
				MACOSX_DEPLOYMENT_TARGET = 10.9;
				ONLY_ACTIVE_ARCH = YES;
				SDKROOT = macosx10.8;
			};
			name = Debug;
		};
		FAC2F79B19197F8600E3AB81 /* Release */ = {
			isa = XCBuildConfiguration;
			buildSettings = {
				ALWAYS_SEARCH_USER_PATHS = NO;
				CLANG_CXX_LANGUAGE_STANDARD = "gnu++0x";
				CLANG_CXX_LIBRARY = "libc++";
				CLANG_ENABLE_MODULES = YES;
				CLANG_ENABLE_OBJC_ARC = YES;
				CLANG_WARN_BOOL_CONVERSION = YES;
				CLANG_WARN_CONSTANT_CONVERSION = YES;
				CLANG_WARN_DIRECT_OBJC_ISA_USAGE = YES_ERROR;
				CLANG_WARN_EMPTY_BODY = YES;
				CLANG_WARN_ENUM_CONVERSION = YES;
				CLANG_WARN_INT_CONVERSION = YES;
				CLANG_WARN_OBJC_ROOT_CLASS = YES_ERROR;
				CLANG_WARN__DUPLICATE_METHOD_MATCH = YES;
				COPY_PHASE_STRIP = YES;
				DEBUG_INFORMATION_FORMAT = "dwarf-with-dsym";
				ENABLE_NS_ASSERTIONS = NO;
				GCC_C_LANGUAGE_STANDARD = gnu99;
				GCC_ENABLE_OBJC_EXCEPTIONS = YES;
				GCC_WARN_64_TO_32_BIT_CONVERSION = YES;
				GCC_WARN_ABOUT_RETURN_TYPE = YES_ERROR;
				GCC_WARN_UNDECLARED_SELECTOR = YES;
				GCC_WARN_UNINITIALIZED_AUTOS = YES_AGGRESSIVE;
				GCC_WARN_UNUSED_FUNCTION = YES;
				GCC_WARN_UNUSED_VARIABLE = YES;
				MACOSX_DEPLOYMENT_TARGET = 10.9;
				SDKROOT = macosx10.8;
			};
			name = Release;
		};
		FAC2F79D19197F8600E3AB81 /* Debug */ = {
			isa = XCBuildConfiguration;
			baseConfigurationReference = 7A3AE64AFF534BDDBA9D3A3E /* Pods.xcconfig */;
			buildSettings = {
				ASSETCATALOG_COMPILER_APPICON_NAME = AppIcon;
				COMBINE_HIDPI_IMAGES = YES;
				GCC_PRECOMPILE_PREFIX_HEADER = YES;
				GCC_PREFIX_HEADER = "Crate/Crate-Prefix.pch";
				INFOPLIST_FILE = "Crate/Crate-Info.plist";
				LIBRARY_SEARCH_PATHS = (
					"$(inherited)",
					/usr/local/Cellar/postgresql/9.3.4/lib,
				);
				MACOSX_DEPLOYMENT_TARGET = 10.8;
				PRODUCT_NAME = "$(TARGET_NAME)";
				USER_HEADER_SEARCH_PATHS = /usr/local/Cellar/postgresql/9.3.4/include;
				WRAPPER_EXTENSION = app;
			};
			name = Debug;
		};
		FAC2F79E19197F8600E3AB81 /* Release */ = {
			isa = XCBuildConfiguration;
			baseConfigurationReference = 7A3AE64AFF534BDDBA9D3A3E /* Pods.xcconfig */;
			buildSettings = {
				ASSETCATALOG_COMPILER_APPICON_NAME = AppIcon;
				COMBINE_HIDPI_IMAGES = YES;
				GCC_PRECOMPILE_PREFIX_HEADER = YES;
				GCC_PREFIX_HEADER = "Crate/Crate-Prefix.pch";
				INFOPLIST_FILE = "Crate/Crate-Info.plist";
				LIBRARY_SEARCH_PATHS = (
					"$(inherited)",
					/usr/local/Cellar/postgresql/9.3.4/lib,
				);
				MACOSX_DEPLOYMENT_TARGET = 10.8;
				PRODUCT_NAME = "$(TARGET_NAME)";
				USER_HEADER_SEARCH_PATHS = /usr/local/Cellar/postgresql/9.3.4/include;
				WRAPPER_EXTENSION = app;
			};
			name = Release;
		};
		FAC2F7A019197F8600E3AB81 /* Debug */ = {
			isa = XCBuildConfiguration;
			baseConfigurationReference = BE01FFC56FE546CD9CB15241 /* Pods-CrateTests.xcconfig */;
			buildSettings = {
				BUNDLE_LOADER = "$(BUILT_PRODUCTS_DIR)/Crate.app/Contents/MacOS/Crate";
				COMBINE_HIDPI_IMAGES = YES;
				FRAMEWORK_SEARCH_PATHS = (
					"$(DEVELOPER_FRAMEWORKS_DIR)",
					"$(inherited)",
				);
				GCC_PRECOMPILE_PREFIX_HEADER = YES;
				GCC_PREFIX_HEADER = "Crate/Crate-Prefix.pch";
				GCC_PREPROCESSOR_DEFINITIONS = (
					"DEBUG=1",
					"$(inherited)",
				);
				INFOPLIST_FILE = "CrateTests/CrateTests-Info.plist";
				MACOSX_DEPLOYMENT_TARGET = 10.8;
				PRODUCT_NAME = "$(TARGET_NAME)";
				TEST_HOST = "$(BUNDLE_LOADER)";
				WRAPPER_EXTENSION = xctest;
			};
			name = Debug;
		};
		FAC2F7A119197F8600E3AB81 /* Release */ = {
			isa = XCBuildConfiguration;
			baseConfigurationReference = BE01FFC56FE546CD9CB15241 /* Pods-CrateTests.xcconfig */;
			buildSettings = {
				BUNDLE_LOADER = "$(BUILT_PRODUCTS_DIR)/Crate.app/Contents/MacOS/Crate";
				COMBINE_HIDPI_IMAGES = YES;
				FRAMEWORK_SEARCH_PATHS = (
					"$(DEVELOPER_FRAMEWORKS_DIR)",
					"$(inherited)",
				);
				GCC_PRECOMPILE_PREFIX_HEADER = YES;
				GCC_PREFIX_HEADER = "Crate/Crate-Prefix.pch";
				INFOPLIST_FILE = "CrateTests/CrateTests-Info.plist";
				MACOSX_DEPLOYMENT_TARGET = 10.8;
				PRODUCT_NAME = "$(TARGET_NAME)";
				TEST_HOST = "$(BUNDLE_LOADER)";
				WRAPPER_EXTENSION = xctest;
			};
			name = Release;
		};
/* End XCBuildConfiguration section */

/* Begin XCConfigurationList section */
		FAC2F76319197F8500E3AB81 /* Build configuration list for PBXProject "Crate" */ = {
			isa = XCConfigurationList;
			buildConfigurations = (
				FAC2F79A19197F8600E3AB81 /* Debug */,
				FAC2F79B19197F8600E3AB81 /* Release */,
			);
			defaultConfigurationIsVisible = 0;
			defaultConfigurationName = Release;
		};
		FAC2F79C19197F8600E3AB81 /* Build configuration list for PBXNativeTarget "Crate" */ = {
			isa = XCConfigurationList;
			buildConfigurations = (
				FAC2F79D19197F8600E3AB81 /* Debug */,
				FAC2F79E19197F8600E3AB81 /* Release */,
			);
			defaultConfigurationIsVisible = 0;
			defaultConfigurationName = Release;
		};
		FAC2F79F19197F8600E3AB81 /* Build configuration list for PBXNativeTarget "CrateTests" */ = {
			isa = XCConfigurationList;
			buildConfigurations = (
				FAC2F7A019197F8600E3AB81 /* Debug */,
				FAC2F7A119197F8600E3AB81 /* Release */,
			);
			defaultConfigurationIsVisible = 0;
			defaultConfigurationName = Release;
		};
/* End XCConfigurationList section */

/* Begin XCVersionGroup section */
		FAC2F78319197F8600E3AB81 /* Crate.xcdatamodeld */ = {
			isa = XCVersionGroup;
			children = (
				FAC2F78419197F8600E3AB81 /* Crate.xcdatamodel */,
			);
			currentVersion = FAC2F78419197F8600E3AB81 /* Crate.xcdatamodel */;
			path = Crate.xcdatamodeld;
			sourceTree = "<group>";
			versionGroupType = wrapper.xcdatamodel;
		};
/* End XCVersionGroup section */
	};
	rootObject = FAC2F76019197F8500E3AB81 /* Project object */;
}
